{
  "requires": true,
  "lockfileVersion": 1,
  "dependencies": {
    "vue": {
      "version": "2.6.4",
      "resolved": "https://registry.npmjs.org/vue/-/vue-2.6.4.tgz",
      "integrity": "sha512-PbR3FWMgCGjRxRjtWURhcTTBSrA/WHvz9g7v6eCcA0GQQZ0a2W6VrbdP0FKxRU62N9iQSHi3+VYLPfZA8W8m+Q=="
    },
    "vue-carousel-selector": {
      "version": "1.0.7",
      "resolved": "https://registry.npmjs.org/vue-carousel-selector/-/vue-carousel-selector-1.0.7.tgz",
      "integrity": "sha1-hmcwjW3+VUAr3kt27zo1m/AF2Pw="
    },
    "vue-plain-slider": {
      "version": "1.1.1",
      "resolved": "https://registry.npmjs.org/vue-plain-slider/-/vue-plain-slider-1.1.1.tgz",
      "integrity": "sha512-tSAYUal1BCQni9z3sTApp9rkhJMj1vn1Z6NOgs5wXxU9tEwtZgC79zDLp4GJjQVNOZJRm7QZUXJbqsHszcn6Mw==",
      "requires": {
        "vue": "^2.5.20",
        "vue-router": "^3.0.2"
      }
    },
    "vue-router": {
      "version": "3.0.2",
      "resolved": "https://registry.npmjs.org/vue-router/-/vue-router-3.0.2.tgz",
      "integrity": "sha512-opKtsxjp9eOcFWdp6xLQPLmRGgfM932Tl56U9chYTnoWqKxQ8M20N7AkdEbM5beUh6wICoFGYugAX9vQjyJLFg=="
    },
    "vue-virtual-scroll-list": {
      "version": "1.3.0",
      "resolved": "https://registry.npmjs.org/vue-virtual-scroll-list/-/vue-virtual-scroll-list-1.3.0.tgz",
      "integrity": "sha512-XMmYjhPCmJt7i2+7MsxWn3TyFoD8e6mWTOfWcbG5V8XQImW0OGpmY5kvxA0YHgonfFXGe7iLsrGiWfqxzOCuxw=="
    }
  }
}
