{
  "requires": true,
  "lockfileVersion": 1,
  "dependencies": {
    "vue-localstorage": {
      "version": "0.6.2",
      "resolved": "https://registry.npmjs.org/vue-localstorage/-/vue-localstorage-0.6.2.tgz",
      "integrity": "sha512-29YQVVkIdoS6BZBCJAyu9d0OR0eKSm5gk5OjsLssV1+NM4zJnf9cxhN1AVeXkUHJLqOonECweuaR8PZ2x307dw=="
    }
  }
}
